
Microsoft Visual Studio Solution File, Format Version 12.00
# Visual Studio Version 17
VisualStudioVersion = 17.7.34031.279
MinimumVisualStudioVersion = 10.0.40219.1
Project("{9A19103F-16F7-4668-BE54-9A1E7A4F7556}") = "LateBinding", "BSU_COURSE\LateBinding.csproj", "{36A9A895-7134-4DBB-827C-80B6476407DF}"
	ProjectSection(ProjectDependencies) = postProject
		{B9C83152-772A-4F21-B338-3FADE3802647} = {B9C83152-772A-4F21-B338-3FADE3802647}
	EndProjectSection
EndProject
Project("{2150E333-8FDC-42A3-9474-1A3956D46DE8}") = "08_Reflection", "08_Reflection", "{C770DF77-B509-4514-A6D4-5361B5932921}"
EndProject
Project("{9A19103F-16F7-4668-BE54-9A1E7A4F7556}") = "CarLib", "Car\CarLib.csproj", "{B9C83152-772A-4F21-B338-3FADE3802647}"
EndProject
Project("{2150E333-8FDC-42A3-9474-1A3956D46DE8}") = "09_Attributes", "09_Attributes", "{D7F3C86D-430C-4AAC-AFEF-3596CD978E2A}"
EndProject
Project("{9A19103F-16F7-4668-BE54-9A1E7A4F7556}") = "PropertyAttributes", "PropertyAttributes\PropertyAttributes.csproj", "{6965951D-CEFA-4E34-A611-AB1772C96752}"
EndProject
Project("{9A19103F-16F7-4668-BE54-9A1E7A4F7556}") = "XMLlinq", "XMLlinq\XMLlinq.csproj", "{867AFD05-A594-454E-9733-A0E80B63633C}"
EndProject
Project("{2150E333-8FDC-42A3-9474-1A3956D46DE8}") = "12_AsyncMethods", "12_AsyncMethods", "{6E3C9292-4275-47F7-92E5-9F899E61A6F0}"
EndProject
Project("{9A19103F-16F7-4668-BE54-9A1E7A4F7556}") = "FirstAsync", "FirstAsync\FirstAsync.csproj", "{5E6213BB-8CE9-4888-9303-0E03E868B60F}"
EndProject
Project("{9A19103F-16F7-4668-BE54-9A1E7A4F7556}") = "TaskExample", "TaskExample\TaskExample.csproj", "{B613F4C6-0164-462C-B442-A574C3B8C83E}"
EndProject
Project("{2150E333-8FDC-42A3-9474-1A3956D46DE8}") = "10_FileSystem", "10_FileSystem", "{1B44387C-0A02-4A20-890B-E14867ABB5CC}"
EndProject
Project("{9A19103F-16F7-4668-BE54-9A1E7A4F7556}") = "DriveInfo", "DriveInfo\DriveInfo.csproj", "{D47DC92B-F53A-4F53-BA42-2B6A83EA4A5F}"
EndProject
Project("{2150E333-8FDC-42A3-9474-1A3956D46DE8}") = "15_Web", "15_Web", "{7EEA7EED-6EFF-4DFA-9394-D7969204D604}"
EndProject
Project("{2150E333-8FDC-42A3-9474-1A3956D46DE8}") = "02_Types", "02_Types", "{D8E19C53-4B2F-42E1-9015-53C06943F8B3}"
EndProject
Project("{9A19103F-16F7-4668-BE54-9A1E7A4F7556}") = "BasicTypes", "BasicTypes\BasicTypes.csproj", "{9C2143F0-D2AE-4DBE-8C21-270841BEBEF6}"
EndProject
Project("{2150E333-8FDC-42A3-9474-1A3956D46DE8}") = "01_FirstProgram", "01_FirstProgram", "{7DBAAA3A-62F1-4837-A392-272D6404DB53}"
EndProject
Project("{9A19103F-16F7-4668-BE54-9A1E7A4F7556}") = "FirstProgram", "FirstProgram\FirstProgram.csproj", "{D8127127-DCAB-47DE-89AA-47AF1C8BCB1D}"
EndProject
Project("{9A19103F-16F7-4668-BE54-9A1E7A4F7556}") = "Methods", "Methods\Methods.csproj", "{B03A00DF-B337-4E3D-93F6-497F9262DB91}"
EndProject
Project("{2150E333-8FDC-42A3-9474-1A3956D46DE8}") = "05_Delegates", "05_Delegates", "{F6D5A450-8A33-4DD0-B4AE-AE16E3AE510B}"
EndProject
Project("{9A19103F-16F7-4668-BE54-9A1E7A4F7556}") = "TestDelegates", "TestDelegates\TestDelegates.csproj", "{B556B699-77DA-4C4A-B5F9-ED0896730902}"
EndProject
Project("{9A19103F-16F7-4668-BE54-9A1E7A4F7556}") = "TestDelegates2", "TestDelegates2\TestDelegates2.csproj", "{BDD798B5-9E2A-4F9F-AC34-CFC884AC9DA4}"
EndProject
Project("{9A19103F-16F7-4668-BE54-9A1E7A4F7556}") = "TestDelegates3", "TestDelegates3\TestDelegates3.csproj", "{43D03F1A-7DA3-4E3B-9FBE-4AC959B2A3A8}"
EndProject
Project("{9A19103F-16F7-4668-BE54-9A1E7A4F7556}") = "TestDlegates4", "TestDlegates4\TestDlegates4.csproj", "{F61A2317-D69C-48B5-B6F2-B9C929B8A714}"
EndProject
Project("{9A19103F-16F7-4668-BE54-9A1E7A4F7556}") = "TestDelegates5", "TestDelegates5\TestDelegates5.csproj", "{23645966-C548-46A7-ACDC-5BF24B541989}"
EndProject
Project("{9A19103F-16F7-4668-BE54-9A1E7A4F7556}") = "DelegateCar", "DelegateCar\DelegateCar.csproj", "{59050D6B-8D66-4890-B58E-BB000EE3777C}"
EndProject
Project("{2150E333-8FDC-42A3-9474-1A3956D46DE8}") = "06_1_Inheritance", "06_1_Inheritance", "{D9896780-8302-4F7D-9CD7-64C23C2CE61F}"
EndProject
Project("{9A19103F-16F7-4668-BE54-9A1E7A4F7556}") = "Inherit", "Inherit\Inherit.csproj", "{25BF0EDA-1F71-4744-A88F-18147CD4135E}"
EndProject
Project("{9A19103F-16F7-4668-BE54-9A1E7A4F7556}") = "Hiding", "Hiding\Hiding.csproj", "{057CA779-E6BA-4CD5-8517-803F1C3461AB}"
EndProject
Project("{9A19103F-16F7-4668-BE54-9A1E7A4F7556}") = "AbstractClass", "AbstractClass\AbstractClass.csproj", "{5FA5A30C-6E5D-42B6-ADA7-04A4E3B0C9EE}"
EndProject
Project("{9A19103F-16F7-4668-BE54-9A1E7A4F7556}") = "ClassObject", "ClassObject\ClassObject.csproj", "{43E711C2-728C-4475-A692-26483E864CBC}"
EndProject
Project("{9A19103F-16F7-4668-BE54-9A1E7A4F7556}") = "GenericTypes", "GenericTypes\GenericTypes.csproj", "{A2BAF22F-FB78-402B-873B-995630CCEC17}"
EndProject
Project("{9A19103F-16F7-4668-BE54-9A1E7A4F7556}") = "Restriction", "Restriction\Restriction.csproj", "{89E4E7D1-94D7-479A-BA68-F20AB629995E}"
EndProject
Project("{2150E333-8FDC-42A3-9474-1A3956D46DE8}") = "06_2_Interfaces", "06_2_Interfaces", "{65BD23E2-1C2A-4AFC-93B6-B893BC81F679}"
EndProject
Project("{9A19103F-16F7-4668-BE54-9A1E7A4F7556}") = "Interfaces", "Interfaces\Interfaces.csproj", "{4AEA8B74-FA92-40C3-A089-D208112D3299}"
EndProject
Project("{9A19103F-16F7-4668-BE54-9A1E7A4F7556}") = "InterfaceModificators", "InterfaceModificators\InterfaceModificators.csproj", "{E2EDD878-53A9-47B6-818F-4B15E0B8BD4D}"
EndProject
Project("{9A19103F-16F7-4668-BE54-9A1E7A4F7556}") = "GenericInterfaces", "GenericInterfaces\GenericInterfaces.csproj", "{FC4F907B-D5ED-413C-9706-9E7E8CFD0B43}"
EndProject
Project("{2150E333-8FDC-42A3-9474-1A3956D46DE8}") = "03_Collections", "03_Collections", "{16D107FA-6335-4F7A-ABAE-C9A7DF6A3D5B}"
EndProject
Project("{9A19103F-16F7-4668-BE54-9A1E7A4F7556}") = "Collections", "Collections\Collections.csproj", "{A8F46D87-C2B9-48BC-8B2E-B15876956469}"
EndProject
Project("{9A19103F-16F7-4668-BE54-9A1E7A4F7556}") = "CollectionIterfaces", "CollectionIterfaces\CollectionIterfaces.csproj", "{DCBBC5CC-912A-47C9-820E-F6F8BC2A43FA}"
EndProject
Project("{2150E333-8FDC-42A3-9474-1A3956D46DE8}") = "11_LINQ", "11_LINQ", "{C852EA85-C660-4464-9FC4-B69502DAEF53}"
EndProject
Project("{9A19103F-16F7-4668-BE54-9A1E7A4F7556}") = "AnonymousType", "AnonymousType\AnonymousType.csproj", "{B793BCFE-E66C-46AF-9023-1D283EDFD9B0}"
EndProject
Project("{9A19103F-16F7-4668-BE54-9A1E7A4F7556}") = "ObjectsLINQ", "ObjectsLINQ\ObjectsLINQ.csproj", "{75CC7AC9-0179-4D01-957D-D7271CD055B5}"
EndProject
Project("{9A19103F-16F7-4668-BE54-9A1E7A4F7556}") = "SetsLINQ", "SetsLINQ\SetsLINQ.csproj", "{697D76BE-9CFF-460B-8A34-5C622CC0117F}"
EndProject
Project("{2150E333-8FDC-42A3-9474-1A3956D46DE8}") = "07_ExtenstionMethods", "07_ExtenstionMethods", "{D54E362D-2347-46E7-AEAA-EB7A9D0B83E3}"
EndProject
Project("{9A19103F-16F7-4668-BE54-9A1E7A4F7556}") = "ExtenstionMethod", "ExtenstionMethod\ExtenstionMethod.csproj", "{D4E1690E-1EDC-408A-B262-47D37554A245}"
EndProject
Project("{9A19103F-16F7-4668-BE54-9A1E7A4F7556}") = "OverrideOperator", "OverrideOperator\OverrideOperator.csproj", "{D2C67BD8-C207-429C-9DAD-CB71B8FBA2E8}"
EndProject
Project("{9A19103F-16F7-4668-BE54-9A1E7A4F7556}") = "Indexer", "Indexer\Indexer.csproj", "{010A7483-7990-4B5A-AB96-6B43F3208C71}"
EndProject
Project("{9A19103F-16F7-4668-BE54-9A1E7A4F7556}") = "Reference", "Reference\Reference.csproj", "{CDED944C-B046-4D25-B0AF-0507BBAD8585}"
EndProject
Project("{2150E333-8FDC-42A3-9474-1A3956D46DE8}") = "06_3_PartialClasses", "06_3_PartialClasses", "{57B62D30-F6DF-433B-BA10-E6276FD04066}"
EndProject
Project("{9A19103F-16F7-4668-BE54-9A1E7A4F7556}") = "PartialClass", "PartialClass\PartialClass.csproj", "{B58FB558-A8AC-4C97-97D5-AB76FF056C64}"
EndProject
Project("{2150E333-8FDC-42A3-9474-1A3956D46DE8}") = "04_Tuples", "04_Tuples", "{5A4E6EE3-3FDA-47A2-ADEF-C98FDE0F270E}"
EndProject
Project("{9A19103F-16F7-4668-BE54-9A1E7A4F7556}") = "TupleTest", "TupleTest\TupleTest.csproj", "{2808D526-6DA6-4099-AA65-A33943475A7D}"
EndProject
Project("{2150E333-8FDC-42A3-9474-1A3956D46DE8}") = "13_Threads", "13_Threads", "{6140D5BE-731F-4521-B8DD-650EEC5E9854}"
EndProject
Project("{9A19103F-16F7-4668-BE54-9A1E7A4F7556}") = "Threads", "Threads\Threads.csproj", "{CFD77AB7-BF5F-41D0-8432-96A444BB2049}"
EndProject
Project("{9A19103F-16F7-4668-BE54-9A1E7A4F7556}") = "CreateThreads", "CreateThreads\CreateThreads.csproj", "{0B9F03EF-A844-4963-A41B-40BFC665B32F}"
EndProject
Project("{9A19103F-16F7-4668-BE54-9A1E7A4F7556}") = "ParamThreads", "ParamThreads\ParamThreads.csproj", "{7E6AC713-01C8-4635-AB66-114C2F089ECD}"
EndProject
Project("{9A19103F-16F7-4668-BE54-9A1E7A4F7556}") = "SyncTheads", "SyncTheads\SyncTheads.csproj", "{C458777D-4B2E-43EF-B5E5-6B4982C8A43D}"
EndProject
Project("{2150E333-8FDC-42A3-9474-1A3956D46DE8}") = "14_ThreadsTPL", "14_ThreadsTPL", "{A79EFAC6-BED8-4108-A850-435D9CA6E210}"
EndProject
Project("{9A19103F-16F7-4668-BE54-9A1E7A4F7556}") = "TPLIntro", "TPLIntro\TPLIntro.csproj", "{E23E082A-93B9-453F-AA1E-BA5FB8B2840C}"
EndProject
Project("{9A19103F-16F7-4668-BE54-9A1E7A4F7556}") = "InnerTask", "InnerTask\InnerTask.csproj", "{ED4178CD-EDC5-42FA-9A58-C982CA5D974F}"
EndProject
Project("{9A19103F-16F7-4668-BE54-9A1E7A4F7556}") = "TaskArray", "TaskArray\TaskArray.csproj", "{0380755C-3E2B-42D8-83F4-D615C734C86F}"
EndProject
Project("{9A19103F-16F7-4668-BE54-9A1E7A4F7556}") = "TaskResult", "TaskResult\TaskResult.csproj", "{8D37A958-03E2-462F-97AF-5728A376A014}"
EndProject
Project("{9A19103F-16F7-4668-BE54-9A1E7A4F7556}") = "ContTask", "ContTask\ContTask.csproj", "{15B3DE07-50CF-4660-A72B-F3C599A71832}"
EndProject
Project("{9A19103F-16F7-4668-BE54-9A1E7A4F7556}") = "TPLParallel", "TPLParallel\TPLParallel.csproj", "{6198622F-1583-4279-BB62-70FD3FCEB18F}"
EndProject
Project("{9A19103F-16F7-4668-BE54-9A1E7A4F7556}") = "Cancellation", "Cancellation\Cancellation.csproj", "{0523709A-DAC0-4BF2-A8C3-5E023FB06BBD}"
EndProject
Project("{9A19103F-16F7-4668-BE54-9A1E7A4F7556}") = "FirstProject", "FirstProject\FirstProject.csproj", "{35CC62EC-3AFB-45FD-9CD3-2C029656BA9E}"
EndProject
Project("{9A19103F-16F7-4668-BE54-9A1E7A4F7556}") = "DelegateCarTest", "DelegateCarTest\DelegateCarTest.csproj", "{0BD9281D-1DD0-4767-A059-515EF5BA8921}"
EndProject
Project("{9A19103F-16F7-4668-BE54-9A1E7A4F7556}") = "01_WebApplicationEmpty", "WebApplicationEmpty\01_WebApplicationEmpty.csproj", "{52E443D4-C129-46CA-B10F-C56A03DA71EC}"
EndProject
Project("{9A19103F-16F7-4668-BE54-9A1E7A4F7556}") = "02_SimpleAPI", "SimpleAPI\02_SimpleAPI.csproj", "{1C4FCFFD-0644-463B-BED5-F7935DAF4620}"
EndProject
Project("{2150E333-8FDC-42A3-9474-1A3956D46DE8}") = "Base", "Base", "{D20C4A1D-E5C4-498F-A16E-7A8F147AE3FF}"
EndProject
Project("{9A19103F-16F7-4668-BE54-9A1E7A4F7556}") = "03_Middlewear", "03_Middlewear\03_Middlewear.csproj", "{83A32F87-6959-4857-9A2F-A59AE64FB9B7}"
EndProject
Project("{9A19103F-16F7-4668-BE54-9A1E7A4F7556}") = "WebApiFirst", "WebApiFirst\WebApiFirst.csproj", "{CC8F17E0-A3DC-420C-869C-672999B16334}"
EndProject
Project("{9A19103F-16F7-4668-BE54-9A1E7A4F7556}") = "AspCoreWithEF", "AspCoreWithEF\AspCoreWithEF.csproj", "{9F4B2E8B-74EE-430F-9A70-8E81F6A0667B}"
EndProject
Project("{9A19103F-16F7-4668-BE54-9A1E7A4F7556}") = "ASPCoreJWT", "ASPCoreJWT\ASPCoreJWT.csproj", "{D1C5B061-55E6-47A5-B2B1-F43FFD3DC6C4}"
EndProject
Project("{9A19103F-16F7-4668-BE54-9A1E7A4F7556}") = "ASPCoreCookies", "ASPCoreCookies\ASPCoreCookies.csproj", "{16B497E7-2707-43F6-840A-64C3AF334333}"
EndProject
Project("{FAE04EC0-301F-11D3-BF4B-00C04F79EFBC}") = "AspNetCore_Json", "AspNetCore_Json\AspNetCore_Json.csproj", "{3332662E-3333-45F5-851F-A7068F365713}"
EndProject
Project("{FAE04EC0-301F-11D3-BF4B-00C04F79EFBC}") = "OpenApi", "OpenApi\OpenApi.csproj", "{44D46CEB-1E19-44C7-BF82-952A44CD085C}"
EndProject
Project("{FAE04EC0-301F-11D3-BF4B-00C04F79EFBC}") = "FirstAspNetCore", "FirstAspNetCore\FirstAspNetCore.csproj", "{2DBB2A07-1F11-4335-8AB5-12DF63258615}"
EndProject
Project("{2150E333-8FDC-42A3-9474-1A3956D46DE8}") = "Middleware", "Middleware", "{63DBB9F7-5D6D-4837-BD53-3768C25F125D}"
EndProject
Project("{FAE04EC0-301F-11D3-BF4B-00C04F79EFBC}") = "04_MiddlewearUse", "MiddlewareUse\04_MiddlewearUse.csproj", "{26AC842F-FA49-4D18-BAD7-84B2BD0C790F}"
EndProject
Project("{FAE04EC0-301F-11D3-BF4B-00C04F79EFBC}") = "05_MiddlewearMap", "MiddlewearMap\05_MiddlewearMap.csproj", "{9E629571-145E-4811-B0B0-F3BD1700C23C}"
EndProject
Project("{FAE04EC0-301F-11D3-BF4B-00C04F79EFBC}") = "06_MiddlewearAsClass", "MiddlewearAsClass\06_MiddlewearAsClass.csproj", "{70293175-D5A0-4573-86BF-F5454582EAF0}"
EndProject
Project("{2150E333-8FDC-42A3-9474-1A3956D46DE8}") = "DI", "DI", "{2966A8C3-E746-42B0-B7FE-299B07490801}"
EndProject
Project("{FAE04EC0-301F-11D3-BF4B-00C04F79EFBC}") = "IntroServices", "IntroServices\IntroServices.csproj", "{428EB951-9191-4D8E-99CA-8783075C37D3}"
EndProject
Project("{FAE04EC0-301F-11D3-BF4B-00C04F79EFBC}") = "ServiceCreating", "ServiceCreating\ServiceCreating.csproj", "{8B327E7F-35F3-4FE0-8D03-D5AF85633F48}"
EndProject
Project("{2150E333-8FDC-42A3-9474-1A3956D46DE8}") = "VueJs", "VueJs", "{F33FE0DB-F8A2-47CD-9270-14D9DFE72B1B}"
EndProject
Project("{54A90642-561A-4BB1-A94E-469ADEE60C69}") = "vueproject1", "vueproject1\vueproject1.esproj", "{AA003DB1-CE64-4931-9701-7924FF610C1D}"
EndProject
Project("{FAE04EC0-301F-11D3-BF4B-00C04F79EFBC}") = "AspVueApp1.Server", "AspVueApp1\AspVueApp1.Server\AspVueApp1.Server.csproj", "{8F903384-527A-4292-9434-FC91C801A8FD}"
EndProject
Project("{54A90642-561A-4BB1-A94E-469ADEE60C69}") = "aspvueapp1.client", "AspVueApp1\aspvueapp1.client\aspvueapp1.client.esproj", "{3178C1FA-F63E-4A1E-A839-D81A2D8B8D48}"
EndProject
Project("{2150E333-8FDC-42A3-9474-1A3956D46DE8}") = "AspVue", "AspVue", "{99446DA2-BA1A-4E48-9023-3769C332CEA4}"
EndProject
Global
	GlobalSection(SolutionConfigurationPlatforms) = preSolution
		Debug|Any CPU = Debug|Any CPU
		Release|Any CPU = Release|Any CPU
	EndGlobalSection
	GlobalSection(ProjectConfigurationPlatforms) = postSolution
		{36A9A895-7134-4DBB-827C-80B6476407DF}.Debug|Any CPU.ActiveCfg = Debug|Any CPU
		{36A9A895-7134-4DBB-827C-80B6476407DF}.Debug|Any CPU.Build.0 = Debug|Any CPU
		{36A9A895-7134-4DBB-827C-80B6476407DF}.Release|Any CPU.ActiveCfg = Release|Any CPU
		{36A9A895-7134-4DBB-827C-80B6476407DF}.Release|Any CPU.Build.0 = Release|Any CPU
		{B9C83152-772A-4F21-B338-3FADE3802647}.Debug|Any CPU.ActiveCfg = Debug|Any CPU
		{B9C83152-772A-4F21-B338-3FADE3802647}.Debug|Any CPU.Build.0 = Debug|Any CPU
		{B9C83152-772A-4F21-B338-3FADE3802647}.Release|Any CPU.ActiveCfg = Release|Any CPU
		{B9C83152-772A-4F21-B338-3FADE3802647}.Release|Any CPU.Build.0 = Release|Any CPU
		{6965951D-CEFA-4E34-A611-AB1772C96752}.Debug|Any CPU.ActiveCfg = Debug|Any CPU
		{6965951D-CEFA-4E34-A611-AB1772C96752}.Debug|Any CPU.Build.0 = Debug|Any CPU
		{6965951D-CEFA-4E34-A611-AB1772C96752}.Release|Any CPU.ActiveCfg = Release|Any CPU
		{6965951D-CEFA-4E34-A611-AB1772C96752}.Release|Any CPU.Build.0 = Release|Any CPU
		{867AFD05-A594-454E-9733-A0E80B63633C}.Debug|Any CPU.ActiveCfg = Debug|Any CPU
		{867AFD05-A594-454E-9733-A0E80B63633C}.Debug|Any CPU.Build.0 = Debug|Any CPU
		{867AFD05-A594-454E-9733-A0E80B63633C}.Release|Any CPU.ActiveCfg = Release|Any CPU
		{867AFD05-A594-454E-9733-A0E80B63633C}.Release|Any CPU.Build.0 = Release|Any CPU
		{5E6213BB-8CE9-4888-9303-0E03E868B60F}.Debug|Any CPU.ActiveCfg = Debug|Any CPU
		{5E6213BB-8CE9-4888-9303-0E03E868B60F}.Debug|Any CPU.Build.0 = Debug|Any CPU
		{5E6213BB-8CE9-4888-9303-0E03E868B60F}.Release|Any CPU.ActiveCfg = Release|Any CPU
		{5E6213BB-8CE9-4888-9303-0E03E868B60F}.Release|Any CPU.Build.0 = Release|Any CPU
		{B613F4C6-0164-462C-B442-A574C3B8C83E}.Debug|Any CPU.ActiveCfg = Debug|Any CPU
		{B613F4C6-0164-462C-B442-A574C3B8C83E}.Debug|Any CPU.Build.0 = Debug|Any CPU
		{B613F4C6-0164-462C-B442-A574C3B8C83E}.Release|Any CPU.ActiveCfg = Release|Any CPU
		{B613F4C6-0164-462C-B442-A574C3B8C83E}.Release|Any CPU.Build.0 = Release|Any CPU
		{D47DC92B-F53A-4F53-BA42-2B6A83EA4A5F}.Debug|Any CPU.ActiveCfg = Debug|Any CPU
		{D47DC92B-F53A-4F53-BA42-2B6A83EA4A5F}.Debug|Any CPU.Build.0 = Debug|Any CPU
		{D47DC92B-F53A-4F53-BA42-2B6A83EA4A5F}.Release|Any CPU.ActiveCfg = Release|Any CPU
		{D47DC92B-F53A-4F53-BA42-2B6A83EA4A5F}.Release|Any CPU.Build.0 = Release|Any CPU
		{9C2143F0-D2AE-4DBE-8C21-270841BEBEF6}.Debug|Any CPU.ActiveCfg = Debug|Any CPU
		{9C2143F0-D2AE-4DBE-8C21-270841BEBEF6}.Debug|Any CPU.Build.0 = Debug|Any CPU
		{9C2143F0-D2AE-4DBE-8C21-270841BEBEF6}.Release|Any CPU.ActiveCfg = Release|Any CPU
		{9C2143F0-D2AE-4DBE-8C21-270841BEBEF6}.Release|Any CPU.Build.0 = Release|Any CPU
		{D8127127-DCAB-47DE-89AA-47AF1C8BCB1D}.Debug|Any CPU.ActiveCfg = Debug|Any CPU
		{D8127127-DCAB-47DE-89AA-47AF1C8BCB1D}.Debug|Any CPU.Build.0 = Debug|Any CPU
		{D8127127-DCAB-47DE-89AA-47AF1C8BCB1D}.Release|Any CPU.ActiveCfg = Release|Any CPU
		{D8127127-DCAB-47DE-89AA-47AF1C8BCB1D}.Release|Any CPU.Build.0 = Release|Any CPU
		{B03A00DF-B337-4E3D-93F6-497F9262DB91}.Debug|Any CPU.ActiveCfg = Debug|Any CPU
		{B03A00DF-B337-4E3D-93F6-497F9262DB91}.Debug|Any CPU.Build.0 = Debug|Any CPU
		{B03A00DF-B337-4E3D-93F6-497F9262DB91}.Release|Any CPU.ActiveCfg = Release|Any CPU
		{B03A00DF-B337-4E3D-93F6-497F9262DB91}.Release|Any CPU.Build.0 = Release|Any CPU
		{B556B699-77DA-4C4A-B5F9-ED0896730902}.Debug|Any CPU.ActiveCfg = Debug|Any CPU
		{B556B699-77DA-4C4A-B5F9-ED0896730902}.Debug|Any CPU.Build.0 = Debug|Any CPU
		{B556B699-77DA-4C4A-B5F9-ED0896730902}.Release|Any CPU.ActiveCfg = Release|Any CPU
		{B556B699-77DA-4C4A-B5F9-ED0896730902}.Release|Any CPU.Build.0 = Release|Any CPU
		{BDD798B5-9E2A-4F9F-AC34-CFC884AC9DA4}.Debug|Any CPU.ActiveCfg = Debug|Any CPU
		{BDD798B5-9E2A-4F9F-AC34-CFC884AC9DA4}.Debug|Any CPU.Build.0 = Debug|Any CPU
		{BDD798B5-9E2A-4F9F-AC34-CFC884AC9DA4}.Release|Any CPU.ActiveCfg = Release|Any CPU
		{BDD798B5-9E2A-4F9F-AC34-CFC884AC9DA4}.Release|Any CPU.Build.0 = Release|Any CPU
		{43D03F1A-7DA3-4E3B-9FBE-4AC959B2A3A8}.Debug|Any CPU.ActiveCfg = Debug|Any CPU
		{43D03F1A-7DA3-4E3B-9FBE-4AC959B2A3A8}.Debug|Any CPU.Build.0 = Debug|Any CPU
		{43D03F1A-7DA3-4E3B-9FBE-4AC959B2A3A8}.Release|Any CPU.ActiveCfg = Release|Any CPU
		{43D03F1A-7DA3-4E3B-9FBE-4AC959B2A3A8}.Release|Any CPU.Build.0 = Release|Any CPU
		{F61A2317-D69C-48B5-B6F2-B9C929B8A714}.Debug|Any CPU.ActiveCfg = Debug|Any CPU
		{F61A2317-D69C-48B5-B6F2-B9C929B8A714}.Debug|Any CPU.Build.0 = Debug|Any CPU
		{F61A2317-D69C-48B5-B6F2-B9C929B8A714}.Release|Any CPU.ActiveCfg = Release|Any CPU
		{F61A2317-D69C-48B5-B6F2-B9C929B8A714}.Release|Any CPU.Build.0 = Release|Any CPU
		{23645966-C548-46A7-ACDC-5BF24B541989}.Debug|Any CPU.ActiveCfg = Debug|Any CPU
		{23645966-C548-46A7-ACDC-5BF24B541989}.Debug|Any CPU.Build.0 = Debug|Any CPU
		{23645966-C548-46A7-ACDC-5BF24B541989}.Release|Any CPU.ActiveCfg = Release|Any CPU
		{23645966-C548-46A7-ACDC-5BF24B541989}.Release|Any CPU.Build.0 = Release|Any CPU
		{59050D6B-8D66-4890-B58E-BB000EE3777C}.Debug|Any CPU.ActiveCfg = Debug|Any CPU
		{59050D6B-8D66-4890-B58E-BB000EE3777C}.Debug|Any CPU.Build.0 = Debug|Any CPU
		{59050D6B-8D66-4890-B58E-BB000EE3777C}.Release|Any CPU.ActiveCfg = Release|Any CPU
		{59050D6B-8D66-4890-B58E-BB000EE3777C}.Release|Any CPU.Build.0 = Release|Any CPU
		{25BF0EDA-1F71-4744-A88F-18147CD4135E}.Debug|Any CPU.ActiveCfg = Debug|Any CPU
		{25BF0EDA-1F71-4744-A88F-18147CD4135E}.Debug|Any CPU.Build.0 = Debug|Any CPU
		{25BF0EDA-1F71-4744-A88F-18147CD4135E}.Release|Any CPU.ActiveCfg = Release|Any CPU
		{25BF0EDA-1F71-4744-A88F-18147CD4135E}.Release|Any CPU.Build.0 = Release|Any CPU
		{057CA779-E6BA-4CD5-8517-803F1C3461AB}.Debug|Any CPU.ActiveCfg = Debug|Any CPU
		{057CA779-E6BA-4CD5-8517-803F1C3461AB}.Debug|Any CPU.Build.0 = Debug|Any CPU
		{057CA779-E6BA-4CD5-8517-803F1C3461AB}.Release|Any CPU.ActiveCfg = Release|Any CPU
		{057CA779-E6BA-4CD5-8517-803F1C3461AB}.Release|Any CPU.Build.0 = Release|Any CPU
		{5FA5A30C-6E5D-42B6-ADA7-04A4E3B0C9EE}.Debug|Any CPU.ActiveCfg = Debug|Any CPU
		{5FA5A30C-6E5D-42B6-ADA7-04A4E3B0C9EE}.Debug|Any CPU.Build.0 = Debug|Any CPU
		{5FA5A30C-6E5D-42B6-ADA7-04A4E3B0C9EE}.Release|Any CPU.ActiveCfg = Release|Any CPU
		{5FA5A30C-6E5D-42B6-ADA7-04A4E3B0C9EE}.Release|Any CPU.Build.0 = Release|Any CPU
		{43E711C2-728C-4475-A692-26483E864CBC}.Debug|Any CPU.ActiveCfg = Debug|Any CPU
		{43E711C2-728C-4475-A692-26483E864CBC}.Debug|Any CPU.Build.0 = Debug|Any CPU
		{43E711C2-728C-4475-A692-26483E864CBC}.Release|Any CPU.ActiveCfg = Release|Any CPU
		{43E711C2-728C-4475-A692-26483E864CBC}.Release|Any CPU.Build.0 = Release|Any CPU
		{A2BAF22F-FB78-402B-873B-995630CCEC17}.Debug|Any CPU.ActiveCfg = Debug|Any CPU
		{A2BAF22F-FB78-402B-873B-995630CCEC17}.Debug|Any CPU.Build.0 = Debug|Any CPU
		{A2BAF22F-FB78-402B-873B-995630CCEC17}.Release|Any CPU.ActiveCfg = Release|Any CPU
		{A2BAF22F-FB78-402B-873B-995630CCEC17}.Release|Any CPU.Build.0 = Release|Any CPU
		{89E4E7D1-94D7-479A-BA68-F20AB629995E}.Debug|Any CPU.ActiveCfg = Debug|Any CPU
		{89E4E7D1-94D7-479A-BA68-F20AB629995E}.Debug|Any CPU.Build.0 = Debug|Any CPU
		{89E4E7D1-94D7-479A-BA68-F20AB629995E}.Release|Any CPU.ActiveCfg = Release|Any CPU
		{89E4E7D1-94D7-479A-BA68-F20AB629995E}.Release|Any CPU.Build.0 = Release|Any CPU
		{4AEA8B74-FA92-40C3-A089-D208112D3299}.Debug|Any CPU.ActiveCfg = Debug|Any CPU
		{4AEA8B74-FA92-40C3-A089-D208112D3299}.Debug|Any CPU.Build.0 = Debug|Any CPU
		{4AEA8B74-FA92-40C3-A089-D208112D3299}.Release|Any CPU.ActiveCfg = Release|Any CPU
		{4AEA8B74-FA92-40C3-A089-D208112D3299}.Release|Any CPU.Build.0 = Release|Any CPU
		{E2EDD878-53A9-47B6-818F-4B15E0B8BD4D}.Debug|Any CPU.ActiveCfg = Debug|Any CPU
		{E2EDD878-53A9-47B6-818F-4B15E0B8BD4D}.Debug|Any CPU.Build.0 = Debug|Any CPU
		{E2EDD878-53A9-47B6-818F-4B15E0B8BD4D}.Release|Any CPU.ActiveCfg = Release|Any CPU
		{E2EDD878-53A9-47B6-818F-4B15E0B8BD4D}.Release|Any CPU.Build.0 = Release|Any CPU
		{FC4F907B-D5ED-413C-9706-9E7E8CFD0B43}.Debug|Any CPU.ActiveCfg = Debug|Any CPU
		{FC4F907B-D5ED-413C-9706-9E7E8CFD0B43}.Debug|Any CPU.Build.0 = Debug|Any CPU
		{FC4F907B-D5ED-413C-9706-9E7E8CFD0B43}.Release|Any CPU.ActiveCfg = Release|Any CPU
		{FC4F907B-D5ED-413C-9706-9E7E8CFD0B43}.Release|Any CPU.Build.0 = Release|Any CPU
		{A8F46D87-C2B9-48BC-8B2E-B15876956469}.Debug|Any CPU.ActiveCfg = Debug|Any CPU
		{A8F46D87-C2B9-48BC-8B2E-B15876956469}.Debug|Any CPU.Build.0 = Debug|Any CPU
		{A8F46D87-C2B9-48BC-8B2E-B15876956469}.Release|Any CPU.ActiveCfg = Release|Any CPU
		{A8F46D87-C2B9-48BC-8B2E-B15876956469}.Release|Any CPU.Build.0 = Release|Any CPU
		{DCBBC5CC-912A-47C9-820E-F6F8BC2A43FA}.Debug|Any CPU.ActiveCfg = Debug|Any CPU
		{DCBBC5CC-912A-47C9-820E-F6F8BC2A43FA}.Debug|Any CPU.Build.0 = Debug|Any CPU
		{DCBBC5CC-912A-47C9-820E-F6F8BC2A43FA}.Release|Any CPU.ActiveCfg = Release|Any CPU
		{DCBBC5CC-912A-47C9-820E-F6F8BC2A43FA}.Release|Any CPU.Build.0 = Release|Any CPU
		{B793BCFE-E66C-46AF-9023-1D283EDFD9B0}.Debug|Any CPU.ActiveCfg = Debug|Any CPU
		{B793BCFE-E66C-46AF-9023-1D283EDFD9B0}.Debug|Any CPU.Build.0 = Debug|Any CPU
		{B793BCFE-E66C-46AF-9023-1D283EDFD9B0}.Release|Any CPU.ActiveCfg = Release|Any CPU
		{B793BCFE-E66C-46AF-9023-1D283EDFD9B0}.Release|Any CPU.Build.0 = Release|Any CPU
		{75CC7AC9-0179-4D01-957D-D7271CD055B5}.Debug|Any CPU.ActiveCfg = Debug|Any CPU
		{75CC7AC9-0179-4D01-957D-D7271CD055B5}.Debug|Any CPU.Build.0 = Debug|Any CPU
		{75CC7AC9-0179-4D01-957D-D7271CD055B5}.Release|Any CPU.ActiveCfg = Release|Any CPU
		{75CC7AC9-0179-4D01-957D-D7271CD055B5}.Release|Any CPU.Build.0 = Release|Any CPU
		{697D76BE-9CFF-460B-8A34-5C622CC0117F}.Debug|Any CPU.ActiveCfg = Debug|Any CPU
		{697D76BE-9CFF-460B-8A34-5C622CC0117F}.Debug|Any CPU.Build.0 = Debug|Any CPU
		{697D76BE-9CFF-460B-8A34-5C622CC0117F}.Release|Any CPU.ActiveCfg = Release|Any CPU
		{697D76BE-9CFF-460B-8A34-5C622CC0117F}.Release|Any CPU.Build.0 = Release|Any CPU
		{D4E1690E-1EDC-408A-B262-47D37554A245}.Debug|Any CPU.ActiveCfg = Debug|Any CPU
		{D4E1690E-1EDC-408A-B262-47D37554A245}.Debug|Any CPU.Build.0 = Debug|Any CPU
		{D4E1690E-1EDC-408A-B262-47D37554A245}.Release|Any CPU.ActiveCfg = Release|Any CPU
		{D4E1690E-1EDC-408A-B262-47D37554A245}.Release|Any CPU.Build.0 = Release|Any CPU
		{D2C67BD8-C207-429C-9DAD-CB71B8FBA2E8}.Debug|Any CPU.ActiveCfg = Debug|Any CPU
		{D2C67BD8-C207-429C-9DAD-CB71B8FBA2E8}.Debug|Any CPU.Build.0 = Debug|Any CPU
		{D2C67BD8-C207-429C-9DAD-CB71B8FBA2E8}.Release|Any CPU.ActiveCfg = Release|Any CPU
		{D2C67BD8-C207-429C-9DAD-CB71B8FBA2E8}.Release|Any CPU.Build.0 = Release|Any CPU
		{010A7483-7990-4B5A-AB96-6B43F3208C71}.Debug|Any CPU.ActiveCfg = Debug|Any CPU
		{010A7483-7990-4B5A-AB96-6B43F3208C71}.Debug|Any CPU.Build.0 = Debug|Any CPU
		{010A7483-7990-4B5A-AB96-6B43F3208C71}.Release|Any CPU.ActiveCfg = Release|Any CPU
		{010A7483-7990-4B5A-AB96-6B43F3208C71}.Release|Any CPU.Build.0 = Release|Any CPU
		{CDED944C-B046-4D25-B0AF-0507BBAD8585}.Debug|Any CPU.ActiveCfg = Debug|Any CPU
		{CDED944C-B046-4D25-B0AF-0507BBAD8585}.Debug|Any CPU.Build.0 = Debug|Any CPU
		{CDED944C-B046-4D25-B0AF-0507BBAD8585}.Release|Any CPU.ActiveCfg = Release|Any CPU
		{CDED944C-B046-4D25-B0AF-0507BBAD8585}.Release|Any CPU.Build.0 = Release|Any CPU
		{B58FB558-A8AC-4C97-97D5-AB76FF056C64}.Debug|Any CPU.ActiveCfg = Debug|Any CPU
		{B58FB558-A8AC-4C97-97D5-AB76FF056C64}.Debug|Any CPU.Build.0 = Debug|Any CPU
		{B58FB558-A8AC-4C97-97D5-AB76FF056C64}.Release|Any CPU.ActiveCfg = Release|Any CPU
		{B58FB558-A8AC-4C97-97D5-AB76FF056C64}.Release|Any CPU.Build.0 = Release|Any CPU
		{2808D526-6DA6-4099-AA65-A33943475A7D}.Debug|Any CPU.ActiveCfg = Debug|Any CPU
		{2808D526-6DA6-4099-AA65-A33943475A7D}.Debug|Any CPU.Build.0 = Debug|Any CPU
		{2808D526-6DA6-4099-AA65-A33943475A7D}.Release|Any CPU.ActiveCfg = Release|Any CPU
		{2808D526-6DA6-4099-AA65-A33943475A7D}.Release|Any CPU.Build.0 = Release|Any CPU
		{CFD77AB7-BF5F-41D0-8432-96A444BB2049}.Debug|Any CPU.ActiveCfg = Debug|Any CPU
		{CFD77AB7-BF5F-41D0-8432-96A444BB2049}.Debug|Any CPU.Build.0 = Debug|Any CPU
		{CFD77AB7-BF5F-41D0-8432-96A444BB2049}.Release|Any CPU.ActiveCfg = Release|Any CPU
		{CFD77AB7-BF5F-41D0-8432-96A444BB2049}.Release|Any CPU.Build.0 = Release|Any CPU
		{0B9F03EF-A844-4963-A41B-40BFC665B32F}.Debug|Any CPU.ActiveCfg = Debug|Any CPU
		{0B9F03EF-A844-4963-A41B-40BFC665B32F}.Debug|Any CPU.Build.0 = Debug|Any CPU
		{0B9F03EF-A844-4963-A41B-40BFC665B32F}.Release|Any CPU.ActiveCfg = Release|Any CPU
		{0B9F03EF-A844-4963-A41B-40BFC665B32F}.Release|Any CPU.Build.0 = Release|Any CPU
		{7E6AC713-01C8-4635-AB66-114C2F089ECD}.Debug|Any CPU.ActiveCfg = Debug|Any CPU
		{7E6AC713-01C8-4635-AB66-114C2F089ECD}.Debug|Any CPU.Build.0 = Debug|Any CPU
		{7E6AC713-01C8-4635-AB66-114C2F089ECD}.Release|Any CPU.ActiveCfg = Release|Any CPU
		{7E6AC713-01C8-4635-AB66-114C2F089ECD}.Release|Any CPU.Build.0 = Release|Any CPU
		{C458777D-4B2E-43EF-B5E5-6B4982C8A43D}.Debug|Any CPU.ActiveCfg = Debug|Any CPU
		{C458777D-4B2E-43EF-B5E5-6B4982C8A43D}.Debug|Any CPU.Build.0 = Debug|Any CPU
		{C458777D-4B2E-43EF-B5E5-6B4982C8A43D}.Release|Any CPU.ActiveCfg = Release|Any CPU
		{C458777D-4B2E-43EF-B5E5-6B4982C8A43D}.Release|Any CPU.Build.0 = Release|Any CPU
		{E23E082A-93B9-453F-AA1E-BA5FB8B2840C}.Debug|Any CPU.ActiveCfg = Debug|Any CPU
		{E23E082A-93B9-453F-AA1E-BA5FB8B2840C}.Debug|Any CPU.Build.0 = Debug|Any CPU
		{E23E082A-93B9-453F-AA1E-BA5FB8B2840C}.Release|Any CPU.ActiveCfg = Release|Any CPU
		{E23E082A-93B9-453F-AA1E-BA5FB8B2840C}.Release|Any CPU.Build.0 = Release|Any CPU
		{ED4178CD-EDC5-42FA-9A58-C982CA5D974F}.Debug|Any CPU.ActiveCfg = Debug|Any CPU
		{ED4178CD-EDC5-42FA-9A58-C982CA5D974F}.Debug|Any CPU.Build.0 = Debug|Any CPU
		{ED4178CD-EDC5-42FA-9A58-C982CA5D974F}.Release|Any CPU.ActiveCfg = Release|Any CPU
		{ED4178CD-EDC5-42FA-9A58-C982CA5D974F}.Release|Any CPU.Build.0 = Release|Any CPU
		{0380755C-3E2B-42D8-83F4-D615C734C86F}.Debug|Any CPU.ActiveCfg = Debug|Any CPU
		{0380755C-3E2B-42D8-83F4-D615C734C86F}.Debug|Any CPU.Build.0 = Debug|Any CPU
		{0380755C-3E2B-42D8-83F4-D615C734C86F}.Release|Any CPU.ActiveCfg = Release|Any CPU
		{0380755C-3E2B-42D8-83F4-D615C734C86F}.Release|Any CPU.Build.0 = Release|Any CPU
		{8D37A958-03E2-462F-97AF-5728A376A014}.Debug|Any CPU.ActiveCfg = Debug|Any CPU
		{8D37A958-03E2-462F-97AF-5728A376A014}.Debug|Any CPU.Build.0 = Debug|Any CPU
		{8D37A958-03E2-462F-97AF-5728A376A014}.Release|Any CPU.ActiveCfg = Release|Any CPU
		{8D37A958-03E2-462F-97AF-5728A376A014}.Release|Any CPU.Build.0 = Release|Any CPU
		{15B3DE07-50CF-4660-A72B-F3C599A71832}.Debug|Any CPU.ActiveCfg = Debug|Any CPU
		{15B3DE07-50CF-4660-A72B-F3C599A71832}.Debug|Any CPU.Build.0 = Debug|Any CPU
		{15B3DE07-50CF-4660-A72B-F3C599A71832}.Release|Any CPU.ActiveCfg = Release|Any CPU
		{15B3DE07-50CF-4660-A72B-F3C599A71832}.Release|Any CPU.Build.0 = Release|Any CPU
		{6198622F-1583-4279-BB62-70FD3FCEB18F}.Debug|Any CPU.ActiveCfg = Debug|Any CPU
		{6198622F-1583-4279-BB62-70FD3FCEB18F}.Debug|Any CPU.Build.0 = Debug|Any CPU
		{6198622F-1583-4279-BB62-70FD3FCEB18F}.Release|Any CPU.ActiveCfg = Release|Any CPU
		{6198622F-1583-4279-BB62-70FD3FCEB18F}.Release|Any CPU.Build.0 = Release|Any CPU
		{0523709A-DAC0-4BF2-A8C3-5E023FB06BBD}.Debug|Any CPU.ActiveCfg = Debug|Any CPU
		{0523709A-DAC0-4BF2-A8C3-5E023FB06BBD}.Debug|Any CPU.Build.0 = Debug|Any CPU
		{0523709A-DAC0-4BF2-A8C3-5E023FB06BBD}.Release|Any CPU.ActiveCfg = Release|Any CPU
		{0523709A-DAC0-4BF2-A8C3-5E023FB06BBD}.Release|Any CPU.Build.0 = Release|Any CPU
		{35CC62EC-3AFB-45FD-9CD3-2C029656BA9E}.Debug|Any CPU.ActiveCfg = Debug|Any CPU
		{35CC62EC-3AFB-45FD-9CD3-2C029656BA9E}.Debug|Any CPU.Build.0 = Debug|Any CPU
		{35CC62EC-3AFB-45FD-9CD3-2C029656BA9E}.Release|Any CPU.ActiveCfg = Release|Any CPU
		{35CC62EC-3AFB-45FD-9CD3-2C029656BA9E}.Release|Any CPU.Build.0 = Release|Any CPU
		{0BD9281D-1DD0-4767-A059-515EF5BA8921}.Debug|Any CPU.ActiveCfg = Debug|Any CPU
		{0BD9281D-1DD0-4767-A059-515EF5BA8921}.Debug|Any CPU.Build.0 = Debug|Any CPU
		{0BD9281D-1DD0-4767-A059-515EF5BA8921}.Release|Any CPU.ActiveCfg = Release|Any CPU
		{0BD9281D-1DD0-4767-A059-515EF5BA8921}.Release|Any CPU.Build.0 = Release|Any CPU
		{52E443D4-C129-46CA-B10F-C56A03DA71EC}.Debug|Any CPU.ActiveCfg = Debug|Any CPU
		{52E443D4-C129-46CA-B10F-C56A03DA71EC}.Debug|Any CPU.Build.0 = Debug|Any CPU
		{52E443D4-C129-46CA-B10F-C56A03DA71EC}.Release|Any CPU.ActiveCfg = Release|Any CPU
		{52E443D4-C129-46CA-B10F-C56A03DA71EC}.Release|Any CPU.Build.0 = Release|Any CPU
		{1C4FCFFD-0644-463B-BED5-F7935DAF4620}.Debug|Any CPU.ActiveCfg = Debug|Any CPU
		{1C4FCFFD-0644-463B-BED5-F7935DAF4620}.Debug|Any CPU.Build.0 = Debug|Any CPU
		{1C4FCFFD-0644-463B-BED5-F7935DAF4620}.Release|Any CPU.ActiveCfg = Release|Any CPU
		{1C4FCFFD-0644-463B-BED5-F7935DAF4620}.Release|Any CPU.Build.0 = Release|Any CPU
		{83A32F87-6959-4857-9A2F-A59AE64FB9B7}.Debug|Any CPU.ActiveCfg = Debug|Any CPU
		{83A32F87-6959-4857-9A2F-A59AE64FB9B7}.Debug|Any CPU.Build.0 = Debug|Any CPU
		{83A32F87-6959-4857-9A2F-A59AE64FB9B7}.Release|Any CPU.ActiveCfg = Release|Any CPU
		{83A32F87-6959-4857-9A2F-A59AE64FB9B7}.Release|Any CPU.Build.0 = Release|Any CPU
		{CC8F17E0-A3DC-420C-869C-672999B16334}.Debug|Any CPU.ActiveCfg = Debug|Any CPU
		{CC8F17E0-A3DC-420C-869C-672999B16334}.Debug|Any CPU.Build.0 = Debug|Any CPU
		{CC8F17E0-A3DC-420C-869C-672999B16334}.Release|Any CPU.ActiveCfg = Release|Any CPU
		{CC8F17E0-A3DC-420C-869C-672999B16334}.Release|Any CPU.Build.0 = Release|Any CPU
		{9F4B2E8B-74EE-430F-9A70-8E81F6A0667B}.Debug|Any CPU.ActiveCfg = Debug|Any CPU
		{9F4B2E8B-74EE-430F-9A70-8E81F6A0667B}.Debug|Any CPU.Build.0 = Debug|Any CPU
		{9F4B2E8B-74EE-430F-9A70-8E81F6A0667B}.Release|Any CPU.ActiveCfg = Release|Any CPU
		{9F4B2E8B-74EE-430F-9A70-8E81F6A0667B}.Release|Any CPU.Build.0 = Release|Any CPU
		{D1C5B061-55E6-47A5-B2B1-F43FFD3DC6C4}.Debug|Any CPU.ActiveCfg = Debug|Any CPU
		{D1C5B061-55E6-47A5-B2B1-F43FFD3DC6C4}.Debug|Any CPU.Build.0 = Debug|Any CPU
		{D1C5B061-55E6-47A5-B2B1-F43FFD3DC6C4}.Release|Any CPU.ActiveCfg = Release|Any CPU
		{D1C5B061-55E6-47A5-B2B1-F43FFD3DC6C4}.Release|Any CPU.Build.0 = Release|Any CPU
		{16B497E7-2707-43F6-840A-64C3AF334333}.Debug|Any CPU.ActiveCfg = Debug|Any CPU
		{16B497E7-2707-43F6-840A-64C3AF334333}.Debug|Any CPU.Build.0 = Debug|Any CPU
		{16B497E7-2707-43F6-840A-64C3AF334333}.Release|Any CPU.ActiveCfg = Release|Any CPU
		{16B497E7-2707-43F6-840A-64C3AF334333}.Release|Any CPU.Build.0 = Release|Any CPU
		{3332662E-3333-45F5-851F-A7068F365713}.Debug|Any CPU.ActiveCfg = Debug|Any CPU
		{3332662E-3333-45F5-851F-A7068F365713}.Debug|Any CPU.Build.0 = Debug|Any CPU
		{3332662E-3333-45F5-851F-A7068F365713}.Release|Any CPU.ActiveCfg = Release|Any CPU
		{3332662E-3333-45F5-851F-A7068F365713}.Release|Any CPU.Build.0 = Release|Any CPU
		{44D46CEB-1E19-44C7-BF82-952A44CD085C}.Debug|Any CPU.ActiveCfg = Debug|Any CPU
		{44D46CEB-1E19-44C7-BF82-952A44CD085C}.Debug|Any CPU.Build.0 = Debug|Any CPU
		{44D46CEB-1E19-44C7-BF82-952A44CD085C}.Release|Any CPU.ActiveCfg = Release|Any CPU
		{44D46CEB-1E19-44C7-BF82-952A44CD085C}.Release|Any CPU.Build.0 = Release|Any CPU
		{2DBB2A07-1F11-4335-8AB5-12DF63258615}.Debug|Any CPU.ActiveCfg = Debug|Any CPU
		{2DBB2A07-1F11-4335-8AB5-12DF63258615}.Debug|Any CPU.Build.0 = Debug|Any CPU
		{2DBB2A07-1F11-4335-8AB5-12DF63258615}.Release|Any CPU.ActiveCfg = Release|Any CPU
		{2DBB2A07-1F11-4335-8AB5-12DF63258615}.Release|Any CPU.Build.0 = Release|Any CPU
		{26AC842F-FA49-4D18-BAD7-84B2BD0C790F}.Debug|Any CPU.ActiveCfg = Debug|Any CPU
		{26AC842F-FA49-4D18-BAD7-84B2BD0C790F}.Debug|Any CPU.Build.0 = Debug|Any CPU
		{26AC842F-FA49-4D18-BAD7-84B2BD0C790F}.Release|Any CPU.ActiveCfg = Release|Any CPU
		{26AC842F-FA49-4D18-BAD7-84B2BD0C790F}.Release|Any CPU.Build.0 = Release|Any CPU
		{9E629571-145E-4811-B0B0-F3BD1700C23C}.Debug|Any CPU.ActiveCfg = Debug|Any CPU
		{9E629571-145E-4811-B0B0-F3BD1700C23C}.Debug|Any CPU.Build.0 = Debug|Any CPU
		{9E629571-145E-4811-B0B0-F3BD1700C23C}.Release|Any CPU.ActiveCfg = Release|Any CPU
		{9E629571-145E-4811-B0B0-F3BD1700C23C}.Release|Any CPU.Build.0 = Release|Any CPU
		{70293175-D5A0-4573-86BF-F5454582EAF0}.Debug|Any CPU.ActiveCfg = Debug|Any CPU
		{70293175-D5A0-4573-86BF-F5454582EAF0}.Debug|Any CPU.Build.0 = Debug|Any CPU
		{70293175-D5A0-4573-86BF-F5454582EAF0}.Release|Any CPU.ActiveCfg = Release|Any CPU
		{70293175-D5A0-4573-86BF-F5454582EAF0}.Release|Any CPU.Build.0 = Release|Any CPU
		{428EB951-9191-4D8E-99CA-8783075C37D3}.Debug|Any CPU.ActiveCfg = Debug|Any CPU
		{428EB951-9191-4D8E-99CA-8783075C37D3}.Debug|Any CPU.Build.0 = Debug|Any CPU
		{428EB951-9191-4D8E-99CA-8783075C37D3}.Release|Any CPU.ActiveCfg = Release|Any CPU
		{428EB951-9191-4D8E-99CA-8783075C37D3}.Release|Any CPU.Build.0 = Release|Any CPU
		{8B327E7F-35F3-4FE0-8D03-D5AF85633F48}.Debug|Any CPU.ActiveCfg = Debug|Any CPU
		{8B327E7F-35F3-4FE0-8D03-D5AF85633F48}.Debug|Any CPU.Build.0 = Debug|Any CPU
		{8B327E7F-35F3-4FE0-8D03-D5AF85633F48}.Release|Any CPU.ActiveCfg = Release|Any CPU
		{8B327E7F-35F3-4FE0-8D03-D5AF85633F48}.Release|Any CPU.Build.0 = Release|Any CPU
		{AA003DB1-CE64-4931-9701-7924FF610C1D}.Debug|Any CPU.ActiveCfg = Debug|Any CPU
		{AA003DB1-CE64-4931-9701-7924FF610C1D}.Debug|Any CPU.Build.0 = Debug|Any CPU
		{AA003DB1-CE64-4931-9701-7924FF610C1D}.Debug|Any CPU.Deploy.0 = Debug|Any CPU
		{AA003DB1-CE64-4931-9701-7924FF610C1D}.Release|Any CPU.ActiveCfg = Release|Any CPU
		{AA003DB1-CE64-4931-9701-7924FF610C1D}.Release|Any CPU.Build.0 = Release|Any CPU
		{AA003DB1-CE64-4931-9701-7924FF610C1D}.Release|Any CPU.Deploy.0 = Release|Any CPU
		{8F903384-527A-4292-9434-FC91C801A8FD}.Debug|Any CPU.ActiveCfg = Debug|Any CPU
		{8F903384-527A-4292-9434-FC91C801A8FD}.Debug|Any CPU.Build.0 = Debug|Any CPU
		{8F903384-527A-4292-9434-FC91C801A8FD}.Release|Any CPU.ActiveCfg = Release|Any CPU
		{8F903384-527A-4292-9434-FC91C801A8FD}.Release|Any CPU.Build.0 = Release|Any CPU
		{3178C1FA-F63E-4A1E-A839-D81A2D8B8D48}.Debug|Any CPU.ActiveCfg = Debug|Any CPU
		{3178C1FA-F63E-4A1E-A839-D81A2D8B8D48}.Debug|Any CPU.Build.0 = Debug|Any CPU
		{3178C1FA-F63E-4A1E-A839-D81A2D8B8D48}.Debug|Any CPU.Deploy.0 = Debug|Any CPU
		{3178C1FA-F63E-4A1E-A839-D81A2D8B8D48}.Release|Any CPU.ActiveCfg = Release|Any CPU
		{3178C1FA-F63E-4A1E-A839-D81A2D8B8D48}.Release|Any CPU.Build.0 = Release|Any CPU
		{3178C1FA-F63E-4A1E-A839-D81A2D8B8D48}.Release|Any CPU.Deploy.0 = Release|Any CPU
	EndGlobalSection
	GlobalSection(SolutionProperties) = preSolution
		HideSolutionNode = FALSE
	EndGlobalSection
	GlobalSection(NestedProjects) = preSolution
		{36A9A895-7134-4DBB-827C-80B6476407DF} = {C770DF77-B509-4514-A6D4-5361B5932921}
		{B9C83152-772A-4F21-B338-3FADE3802647} = {C770DF77-B509-4514-A6D4-5361B5932921}
		{6965951D-CEFA-4E34-A611-AB1772C96752} = {D7F3C86D-430C-4AAC-AFEF-3596CD978E2A}
		{867AFD05-A594-454E-9733-A0E80B63633C} = {C852EA85-C660-4464-9FC4-B69502DAEF53}
		{5E6213BB-8CE9-4888-9303-0E03E868B60F} = {6E3C9292-4275-47F7-92E5-9F899E61A6F0}
		{B613F4C6-0164-462C-B442-A574C3B8C83E} = {6E3C9292-4275-47F7-92E5-9F899E61A6F0}
		{D47DC92B-F53A-4F53-BA42-2B6A83EA4A5F} = {1B44387C-0A02-4A20-890B-E14867ABB5CC}
		{9C2143F0-D2AE-4DBE-8C21-270841BEBEF6} = {D8E19C53-4B2F-42E1-9015-53C06943F8B3}
		{D8127127-DCAB-47DE-89AA-47AF1C8BCB1D} = {7DBAAA3A-62F1-4837-A392-272D6404DB53}
		{B03A00DF-B337-4E3D-93F6-497F9262DB91} = {7DBAAA3A-62F1-4837-A392-272D6404DB53}
		{B556B699-77DA-4C4A-B5F9-ED0896730902} = {F6D5A450-8A33-4DD0-B4AE-AE16E3AE510B}
		{BDD798B5-9E2A-4F9F-AC34-CFC884AC9DA4} = {F6D5A450-8A33-4DD0-B4AE-AE16E3AE510B}
		{43D03F1A-7DA3-4E3B-9FBE-4AC959B2A3A8} = {F6D5A450-8A33-4DD0-B4AE-AE16E3AE510B}
		{F61A2317-D69C-48B5-B6F2-B9C929B8A714} = {F6D5A450-8A33-4DD0-B4AE-AE16E3AE510B}
		{23645966-C548-46A7-ACDC-5BF24B541989} = {F6D5A450-8A33-4DD0-B4AE-AE16E3AE510B}
		{59050D6B-8D66-4890-B58E-BB000EE3777C} = {F6D5A450-8A33-4DD0-B4AE-AE16E3AE510B}
		{25BF0EDA-1F71-4744-A88F-18147CD4135E} = {D9896780-8302-4F7D-9CD7-64C23C2CE61F}
		{057CA779-E6BA-4CD5-8517-803F1C3461AB} = {D9896780-8302-4F7D-9CD7-64C23C2CE61F}
		{5FA5A30C-6E5D-42B6-ADA7-04A4E3B0C9EE} = {D9896780-8302-4F7D-9CD7-64C23C2CE61F}
		{43E711C2-728C-4475-A692-26483E864CBC} = {D9896780-8302-4F7D-9CD7-64C23C2CE61F}
		{A2BAF22F-FB78-402B-873B-995630CCEC17} = {D9896780-8302-4F7D-9CD7-64C23C2CE61F}
		{89E4E7D1-94D7-479A-BA68-F20AB629995E} = {D9896780-8302-4F7D-9CD7-64C23C2CE61F}
		{4AEA8B74-FA92-40C3-A089-D208112D3299} = {65BD23E2-1C2A-4AFC-93B6-B893BC81F679}
		{E2EDD878-53A9-47B6-818F-4B15E0B8BD4D} = {65BD23E2-1C2A-4AFC-93B6-B893BC81F679}
		{FC4F907B-D5ED-413C-9706-9E7E8CFD0B43} = {65BD23E2-1C2A-4AFC-93B6-B893BC81F679}
		{A8F46D87-C2B9-48BC-8B2E-B15876956469} = {16D107FA-6335-4F7A-ABAE-C9A7DF6A3D5B}
		{DCBBC5CC-912A-47C9-820E-F6F8BC2A43FA} = {16D107FA-6335-4F7A-ABAE-C9A7DF6A3D5B}
		{B793BCFE-E66C-46AF-9023-1D283EDFD9B0} = {C852EA85-C660-4464-9FC4-B69502DAEF53}
		{75CC7AC9-0179-4D01-957D-D7271CD055B5} = {C852EA85-C660-4464-9FC4-B69502DAEF53}
		{697D76BE-9CFF-460B-8A34-5C622CC0117F} = {C852EA85-C660-4464-9FC4-B69502DAEF53}
		{D4E1690E-1EDC-408A-B262-47D37554A245} = {D54E362D-2347-46E7-AEAA-EB7A9D0B83E3}
		{D2C67BD8-C207-429C-9DAD-CB71B8FBA2E8} = {D54E362D-2347-46E7-AEAA-EB7A9D0B83E3}
		{010A7483-7990-4B5A-AB96-6B43F3208C71} = {D54E362D-2347-46E7-AEAA-EB7A9D0B83E3}
		{CDED944C-B046-4D25-B0AF-0507BBAD8585} = {D54E362D-2347-46E7-AEAA-EB7A9D0B83E3}
		{B58FB558-A8AC-4C97-97D5-AB76FF056C64} = {57B62D30-F6DF-433B-BA10-E6276FD04066}
		{2808D526-6DA6-4099-AA65-A33943475A7D} = {5A4E6EE3-3FDA-47A2-ADEF-C98FDE0F270E}
		{CFD77AB7-BF5F-41D0-8432-96A444BB2049} = {6140D5BE-731F-4521-B8DD-650EEC5E9854}
		{0B9F03EF-A844-4963-A41B-40BFC665B32F} = {6140D5BE-731F-4521-B8DD-650EEC5E9854}
		{7E6AC713-01C8-4635-AB66-114C2F089ECD} = {6140D5BE-731F-4521-B8DD-650EEC5E9854}
		{C458777D-4B2E-43EF-B5E5-6B4982C8A43D} = {6140D5BE-731F-4521-B8DD-650EEC5E9854}
		{E23E082A-93B9-453F-AA1E-BA5FB8B2840C} = {A79EFAC6-BED8-4108-A850-435D9CA6E210}
		{ED4178CD-EDC5-42FA-9A58-C982CA5D974F} = {A79EFAC6-BED8-4108-A850-435D9CA6E210}
		{0380755C-3E2B-42D8-83F4-D615C734C86F} = {A79EFAC6-BED8-4108-A850-435D9CA6E210}
		{8D37A958-03E2-462F-97AF-5728A376A014} = {A79EFAC6-BED8-4108-A850-435D9CA6E210}
		{15B3DE07-50CF-4660-A72B-F3C599A71832} = {A79EFAC6-BED8-4108-A850-435D9CA6E210}
		{6198622F-1583-4279-BB62-70FD3FCEB18F} = {A79EFAC6-BED8-4108-A850-435D9CA6E210}
		{0523709A-DAC0-4BF2-A8C3-5E023FB06BBD} = {A79EFAC6-BED8-4108-A850-435D9CA6E210}
		{35CC62EC-3AFB-45FD-9CD3-2C029656BA9E} = {7DBAAA3A-62F1-4837-A392-272D6404DB53}
		{0BD9281D-1DD0-4767-A059-515EF5BA8921} = {F6D5A450-8A33-4DD0-B4AE-AE16E3AE510B}
		{52E443D4-C129-46CA-B10F-C56A03DA71EC} = {D20C4A1D-E5C4-498F-A16E-7A8F147AE3FF}
		{1C4FCFFD-0644-463B-BED5-F7935DAF4620} = {D20C4A1D-E5C4-498F-A16E-7A8F147AE3FF}
		{D20C4A1D-E5C4-498F-A16E-7A8F147AE3FF} = {7EEA7EED-6EFF-4DFA-9394-D7969204D604}
		{83A32F87-6959-4857-9A2F-A59AE64FB9B7} = {63DBB9F7-5D6D-4837-BD53-3768C25F125D}
		{CC8F17E0-A3DC-420C-869C-672999B16334} = {D20C4A1D-E5C4-498F-A16E-7A8F147AE3FF}
		{9F4B2E8B-74EE-430F-9A70-8E81F6A0667B} = {D20C4A1D-E5C4-498F-A16E-7A8F147AE3FF}
		{D1C5B061-55E6-47A5-B2B1-F43FFD3DC6C4} = {D20C4A1D-E5C4-498F-A16E-7A8F147AE3FF}
		{16B497E7-2707-43F6-840A-64C3AF334333} = {D20C4A1D-E5C4-498F-A16E-7A8F147AE3FF}
		{3332662E-3333-45F5-851F-A7068F365713} = {D20C4A1D-E5C4-498F-A16E-7A8F147AE3FF}
		{44D46CEB-1E19-44C7-BF82-952A44CD085C} = {D20C4A1D-E5C4-498F-A16E-7A8F147AE3FF}
		{2DBB2A07-1F11-4335-8AB5-12DF63258615} = {D20C4A1D-E5C4-498F-A16E-7A8F147AE3FF}
		{63DBB9F7-5D6D-4837-BD53-3768C25F125D} = {D20C4A1D-E5C4-498F-A16E-7A8F147AE3FF}
		{26AC842F-FA49-4D18-BAD7-84B2BD0C790F} = {63DBB9F7-5D6D-4837-BD53-3768C25F125D}
		{9E629571-145E-4811-B0B0-F3BD1700C23C} = {63DBB9F7-5D6D-4837-BD53-3768C25F125D}
		{70293175-D5A0-4573-86BF-F5454582EAF0} = {63DBB9F7-5D6D-4837-BD53-3768C25F125D}
		{2966A8C3-E746-42B0-B7FE-299B07490801} = {D20C4A1D-E5C4-498F-A16E-7A8F147AE3FF}
		{428EB951-9191-4D8E-99CA-8783075C37D3} = {2966A8C3-E746-42B0-B7FE-299B07490801}
		{8B327E7F-35F3-4FE0-8D03-D5AF85633F48} = {2966A8C3-E746-42B0-B7FE-299B07490801}
		{F33FE0DB-F8A2-47CD-9270-14D9DFE72B1B} = {7EEA7EED-6EFF-4DFA-9394-D7969204D604}
		{AA003DB1-CE64-4931-9701-7924FF610C1D} = {F33FE0DB-F8A2-47CD-9270-14D9DFE72B1B}
		{8F903384-527A-4292-9434-FC91C801A8FD} = {99446DA2-BA1A-4E48-9023-3769C332CEA4}
		{3178C1FA-F63E-4A1E-A839-D81A2D8B8D48} = {99446DA2-BA1A-4E48-9023-3769C332CEA4}
		{99446DA2-BA1A-4E48-9023-3769C332CEA4} = {F33FE0DB-F8A2-47CD-9270-14D9DFE72B1B}
	EndGlobalSection
	GlobalSection(ExtensibilityGlobals) = postSolution
		SolutionGuid = {183AC887-11D7-436A-A926-A885B8D5A4C8}
	EndGlobalSection
EndGlobal
